// !$*UTF8*$!
{
	archiveVersion = 1;
	classes = {
	};
	objectVersion = 77;
	objects = {

/* Begin PBXContainerItemProxy section */
		BD4361D22DF60C20004192FF /* PBXContainerItemProxy */ = {
			isa = PBXContainerItemProxy;
			containerPortal = BD4361B92DF60C1F004192FF /* Project object */;
			proxyType = 1;
			remoteGlobalIDString = BD4361C02DF60C1F004192FF;
			remoteInfo = ToggleThemes;
		};
		BD4361DC2DF60C20004192FF /* PBXContainerItemProxy */ = {
			isa = PBXContainerItemProxy;
			containerPortal = BD4361B92DF60C1F004192FF /* Project object */;
			proxyType = 1;
			remoteGlobalIDString = BD4361C02DF60C1F004192FF;
			remoteInfo = ToggleThemes;
		};
/* End PBXContainerItemProxy section */

/* Begin PBXFileReference section */
		BD4361C12DF60C1F004192FF /* ToggleThemes.app */ = {isa = PBXFileReference; explicitFileType = wrapper.application; includeInIndex = 0; path = ToggleThemes.app; sourceTree = BUILT_PRODUCTS_DIR; };
		BD4361D12DF60C20004192FF /* ToggleThemesTests.xctest */ = {isa = PBXFileReference; explicitFileType = wrapper.cfbundle; includeInIndex = 0; path = ToggleThemesTests.xctest; sourceTree = BUILT_PRODUCTS_DIR; };
		BD4361DB2DF60C20004192FF /* ToggleThemesUITests.xctest */ = {isa = PBXFileReference; explicitFileType = wrapper.cfbundle; includeInIndex = 0; path = ToggleThemesUITests.xctest; sourceTree = BUILT_PRODUCTS_DIR; };
/* End PBXFileReference section */

/* Begin PBXFileSystemSynchronizedRootGroup section */
		BD4361C32DF60C1F004192FF /* ToggleThemes */ = {
			isa = PBXFileSystemSynchronizedRootGroup;
			path = ToggleThemes;
			sourceTree = "<group>";
		};
		BD4361D42DF60C20004192FF /* ToggleThemesTests */ = {
			isa = PBXFileSystemSynchronizedRootGroup;
			path = ToggleThemesTests;
			sourceTree = "<group>";
		};
		BD4361DE2DF60C20004192FF /* ToggleThemesUITests */ = {
			isa = PBXFileSystemSynchronizedRootGroup;
			path = ToggleThemesUITests;
			sourceTree = "<group>";
		};
/* End PBXFileSystemSynchronizedRootGroup section */

/* Begin PBXFrameworksBuildPhase section */
		BD4361BE2DF60C1F004192FF /* Frameworks */ = {
			isa = PBXFrameworksBuildPhase;
			buildActionMask = 2147483647;
			files = (
			);
			runOnlyForDeploymentPostprocessing = 0;
		};
		BD4361CE2DF60C20004192FF /* Frameworks */ = {
			isa = PBXFrameworksBuildPhase;
			buildActionMask = 2147483647;
			files = (
			);
			runOnlyForDeploymentPostprocessing = 0;
		};
		BD4361D82DF60C20004192FF /* Frameworks */ = {
			isa = PBXFrameworksBuildPhase;
			buildActionMask = 2147483647;
			files = (
			);
			runOnlyForDeploymentPostprocessing = 0;
		};
/* End PBXFrameworksBuildPhase section */

/* Begin PBXGroup section */
		BD4361B82DF60C1F004192FF = {
			isa = PBXGroup;
			children = (
				BD4361C32DF60C1F004192FF /* ToggleThemes */,
				BD4361D42DF60C20004192FF /* ToggleThemesTests */,
				BD4361DE2DF60C20004192FF /* ToggleThemesUITests */,
				BD4361C22DF60C1F004192FF /* Products */,
			);
			sourceTree = "<group>";
		};
		BD4361C22DF60C1F004192FF /* Products */ = {
			isa = PBXGroup;
			children = (
				BD4361C12DF60C1F004192FF /* ToggleThemes.app */,
				BD4361D12DF60C20004192FF /* ToggleThemesTests.xctest */,
				BD4361DB2DF60C20004192FF /* ToggleThemesUITests.xctest */,
			);
			name = Products;
			sourceTree = "<group>";
		};
/* End PBXGroup section */

/* Begin PBXNativeTarget section */
		BD4361C02DF60C1F004192FF /* ToggleThemes */ = {
			isa = PBXNativeTarget;
			buildConfigurationList = BD4361E52DF60C20004192FF /* Build configuration list for PBXNativeTarget "ToggleThemes" */;
			buildPhases = (
				BD4361BD2DF60C1F004192FF /* Sources */,
				BD4361BE2DF60C1F004192FF /* Frameworks */,
				BD4361BF2DF60C1F004192FF /* Resources */,
			);
			buildRules = (
			);
			dependencies = (
			);
			fileSystemSynchronizedGroups = (
				BD4361C32DF60C1F004192FF /* ToggleThemes */,
			);
			name = ToggleThemes;
			packageProductDependencies = (
			);
			productName = ToggleThemes;
			productReference = BD4361C12DF60C1F004192FF /* ToggleThemes.app */;
			productType = "com.apple.product-type.application";
		};
		BD4361D02DF60C20004192FF /* ToggleThemesTests */ = {
			isa = PBXNativeTarget;
			buildConfigurationList = BD4361E82DF60C20004192FF /* Build configuration list for PBXNativeTarget "ToggleThemesTests" */;
			buildPhases = (
				BD4361CD2DF60C20004192FF /* Sources */,
				BD4361CE2DF60C20004192FF /* Frameworks */,
				BD4361CF2DF60C20004192FF /* Resources */,
			);
			buildRules = (
			);
			dependencies = (
				BD4361D32DF60C20004192FF /* PBXTargetDependency */,
			);
			fileSystemSynchronizedGroups = (
				BD4361D42DF60C20004192FF /* ToggleThemesTests */,
			);
			name = ToggleThemesTests;
			packageProductDependencies = (
			);
			productName = ToggleThemesTests;
			productReference = BD4361D12DF60C20004192FF /* ToggleThemesTests.xctest */;
			productType = "com.apple.product-type.bundle.unit-test";
		};
		BD4361DA2DF60C20004192FF /* ToggleThemesUITests */ = {
			isa = PBXNativeTarget;
			buildConfigurationList = BD4361EB2DF60C20004192FF /* Build configuration list for PBXNativeTarget "ToggleThemesUITests" */;
			buildPhases = (
				BD4361D72DF60C20004192FF /* Sources */,
				BD4361D82DF60C20004192FF /* Frameworks */,
				BD4361D92DF60C20004192FF /* Resources */,
			);
			buildRules = (
			);
			dependencies = (
				BD4361DD2DF60C20004192FF /* PBXTargetDependency */,
			);
			fileSystemSynchronizedGroups = (
				BD4361DE2DF60C20004192FF /* ToggleThemesUITests */,
			);
			name = ToggleThemesUITests;
			packageProductDependencies = (
			);
			productName = ToggleThemesUITests;
			productReference = BD4361DB2DF60C20004192FF /* ToggleThemesUITests.xctest */;
			productType = "com.apple.product-type.bundle.ui-testing";
		};
/* End PBXNativeTarget section */

/* Begin PBXProject section */
		BD4361B92DF60C1F004192FF /* Project object */ = {
			isa = PBXProject;
			attributes = {
				BuildIndependentTargetsInParallel = 1;
				LastSwiftUpdateCheck = 1620;
				LastUpgradeCheck = 1620;
				TargetAttributes = {
					BD4361C02DF60C1F004192FF = {
						CreatedOnToolsVersion = 16.2;
					};
					BD4361D02DF60C20004192FF = {
						CreatedOnToolsVersion = 16.2;
						TestTargetID = BD4361C02DF60C1F004192FF;
					};
					BD4361DA2DF60C20004192FF = {
						CreatedOnToolsVersion = 16.2;
						TestTargetID = BD4361C02DF60C1F004192FF;
					};
				};
			};
			buildConfigurationList = BD4361BC2DF60C1F004192FF /* Build configuration list for PBXProject "ToggleThemes" */;
			developmentRegion = en;
			hasScannedForEncodings = 0;
			knownRegions = (
				en,
				Base,
			);
			mainGroup = BD4361B82DF60C1F004192FF;
			minimizedProjectReferenceProxies = 1;
			preferredProjectObjectVersion = 77;
			productRefGroup = BD4361C22DF60C1F004192FF /* Products */;
			projectDirPath = "";
			projectRoot = "";
			targets = (
				BD4361C02DF60C1F004192FF /* ToggleThemes */,
				BD4361D02DF60C20004192FF /* ToggleThemesTests */,
				BD4361DA2DF60C20004192FF /* ToggleThemesUITests */,
			);
		};
/* End PBXProject section */

/* Begin PBXResourcesBuildPhase section */
		BD4361BF2DF60C1F004192FF /* Resources */ = {
			isa = PBXResourcesBuildPhase;
			buildActionMask = 2147483647;
			files = (
			);
			runOnlyForDeploymentPostprocessing = 0;
		};
		BD4361CF2DF60C20004192FF /* Resources */ = {
			isa = PBXResourcesBuildPhase;
			buildActionMask = 2147483647;
			files = (
			);
			runOnlyForDeploymentPostprocessing = 0;
		};
		BD4361D92DF60C20004192FF /* Resources */ = {
			isa = PBXResourcesBuildPhase;
			buildActionMask = 2147483647;
			files = (
			);
			runOnlyForDeploymentPostprocessing = 0;
		};
/* End PBXResourcesBuildPhase section */

/* Begin PBXSourcesBuildPhase section */
		BD4361BD2DF60C1F004192FF /* Sources */ = {
			isa = PBXSourcesBuildPhase;
			buildActionMask = 2147483647;
			files = (
			);
			runOnlyForDeploymentPostprocessing = 0;
		};
		BD4361CD2DF60C20004192FF /* Sources */ = {
			isa = PBXSourcesBuildPhase;
			buildActionMask = 2147483647;
			files = (
			);
			runOnlyForDeploymentPostprocessing = 0;
		};
		BD4361D72DF60C20004192FF /* Sources */ = {
			isa = PBXSourcesBuildPhase;
			buildActionMask = 2147483647;
			files = (
			);
			runOnlyForDeploymentPostprocessing = 0;
		};
/* End PBXSourcesBuildPhase section */

/* Begin PBXTargetDependency section */
		BD4361D32DF60C20004192FF /* PBXTargetDependency */ = {
			isa = PBXTargetDependency;
			target = BD4361C02DF60C1F004192FF /* ToggleThemes */;
			targetProxy = BD4361D22DF60C20004192FF /* PBXContainerItemProxy */;
		};
		BD4361DD2DF60C20004192FF /* PBXTargetDependency */ = {
			isa = PBXTargetDependency;
			target = BD4361C02DF60C1F004192FF /* ToggleThemes */;
			targetProxy = BD4361DC2DF60C20004192FF /* PBXContainerItemProxy */;
		};
/* End PBXTargetDependency section */

/* Begin XCBuildConfiguration section */
		BD4361E32DF60C20004192FF /* Debug */ = {
			isa = XCBuildConfiguration;
			buildSettings = {
				ALWAYS_SEARCH_USER_PATHS = NO;
				ASSETCATALOG_COMPILER_GENERATE_SWIFT_ASSET_SYMBOL_EXTENSIONS = YES;
				CLANG_ANALYZER_NONNULL = YES;
				CLANG_ANALYZER_NUMBER_OBJECT_CONVERSION = YES_AGGRESSIVE;
				CLANG_CXX_LANGUAGE_STANDARD = "gnu++20";
				CLANG_ENABLE_MODULES = YES;
				CLANG_ENABLE_OBJC_ARC = YES;
				CLANG_ENABLE_OBJC_WEAK = YES;
				CLANG_WARN_BLOCK_CAPTURE_AUTORELEASING = YES;
				CLANG_WARN_BOOL_CONVERSION = YES;
				CLANG_WARN_COMMA = YES;
				CLANG_WARN_CONSTANT_CONVERSION = YES;
				CLANG_WARN_DEPRECATED_OBJC_IMPLEMENTATIONS = YES;
				CLANG_WARN_DIRECT_OBJC_ISA_USAGE = YES_ERROR;
				CLANG_WARN_DOCUMENTATION_COMMENTS = YES;
				CLANG_WARN_EMPTY_BODY = YES;
				CLANG_WARN_ENUM_CONVERSION = YES;
				CLANG_WARN_INFINITE_RECURSION = YES;
				CLANG_WARN_INT_CONVERSION = YES;
				CLANG_WARN_NON_LITERAL_NULL_CONVERSION = YES;
				CLANG_WARN_OBJC_IMPLICIT_RETAIN_SELF = YES;
				CLANG_WARN_OBJC_LITERAL_CONVERSION = YES;
				CLANG_WARN_OBJC_ROOT_CLASS = YES_ERROR;
				CLANG_WARN_QUOTED_INCLUDE_IN_FRAMEWORK_HEADER = YES;
				CLANG_WARN_RANGE_LOOP_ANALYSIS = YES;
				CLANG_WARN_STRICT_PROTOTYPES = YES;
				CLANG_WARN_SUSPICIOUS_MOVE = YES;
				CLANG_WARN_UNGUARDED_AVAILABILITY = YES_AGGRESSIVE;
				CLANG_WARN_UNREACHABLE_CODE = YES;
				CLANG_WARN__DUPLICATE_METHOD_MATCH = YES;
				COPY_PHASE_STRIP = NO;
				DEBUG_INFORMATION_FORMAT = dwarf;
				ENABLE_STRICT_OBJC_MSGSEND = YES;
				ENABLE_TESTABILITY = YES;
				ENABLE_USER_SCRIPT_SANDBOXING = YES;
				GCC_C_LANGUAGE_STANDARD = gnu17;
				GCC_DYNAMIC_NO_PIC = NO;
				GCC_NO_COMMON_BLOCKS = YES;
				GCC_OPTIMIZATION_LEVEL = 0;
				GCC_PREPROCESSOR_DEFINITIONS = (
					"DEBUG=1",
					"$(inherited)",
				);
				GCC_WARN_64_TO_32_BIT_CONVERSION = YES;
				GCC_WARN_ABOUT_RETURN_TYPE = YES_ERROR;
				GCC_WARN_UNDECLARED_SELECTOR = YES;
				GCC_WARN_UNINITIALIZED_AUTOS = YES_AGGRESSIVE;
				GCC_WARN_UNUSED_FUNCTION = YES;
				GCC_WARN_UNUSED_VARIABLE = YES;
				IPHONEOS_DEPLOYMENT_TARGET = 18.2;
				LOCALIZATION_PREFERS_STRING_CATALOGS = YES;
				MTL_ENABLE_DEBUG_INFO = INCLUDE_SOURCE;
				MTL_FAST_MATH = YES;
				ONLY_ACTIVE_ARCH = YES;
				SDKROOT = iphoneos;
				SWIFT_ACTIVE_COMPILATION_CONDITIONS = "DEBUG $(inherited)";
				SWIFT_OPTIMIZATION_LEVEL = "-Onone";
			};
			name = Debug;
		};
		BD4361E42DF60C20004192FF /* Release */ = {
			isa = XCBuildConfiguration;
			buildSettings = {
				ALWAYS_SEARCH_USER_PATHS = NO;
				ASSETCATALOG_COMPILER_GENERATE_SWIFT_ASSET_SYMBOL_EXTENSIONS = YES;
				CLANG_ANALYZER_NONNULL = YES;
				CLANG_ANALYZER_NUMBER_OBJECT_CONVERSION = YES_AGGRESSIVE;
				CLANG_CXX_LANGUAGE_STANDARD = "gnu++20";
				CLANG_ENABLE_MODULES = YES;
				CLANG_ENABLE_OBJC_ARC = YES;
				CLANG_ENABLE_OBJC_WEAK = YES;
				CLANG_WARN_BLOCK_CAPTURE_AUTORELEASING = YES;
				CLANG_WARN_BOOL_CONVERSION = YES;
				CLANG_WARN_COMMA = YES;
				CLANG_WARN_CONSTANT_CONVERSION = YES;
				CLANG_WARN_DEPRECATED_OBJC_IMPLEMENTATIONS = YES;
				CLANG_WARN_DIRECT_OBJC_ISA_USAGE = YES_ERROR;
				CLANG_WARN_DOCUMENTATION_COMMENTS = YES;
				CLANG_WARN_EMPTY_BODY = YES;
				CLANG_WARN_ENUM_CONVERSION = YES;
				CLANG_WARN_INFINITE_RECURSION = YES;
				CLANG_WARN_INT_CONVERSION = YES;
				CLANG_WARN_NON_LITERAL_NULL_CONVERSION = YES;
				CLANG_WARN_OBJC_IMPLICIT_RETAIN_SELF = YES;
				CLANG_WARN_OBJC_LITERAL_CONVERSION = YES;
				CLANG_WARN_OBJC_ROOT_CLASS = YES_ERROR;
				CLANG_WARN_QUOTED_INCLUDE_IN_FRAMEWORK_HEADER = YES;
				CLANG_WARN_RANGE_LOOP_ANALYSIS = YES;
				CLANG_WARN_STRICT_PROTOTYPES = YES;
				CLANG_WARN_SUSPICIOUS_MOVE = YES;
				CLANG_WARN_UNGUARDED_AVAILABILITY = YES_AGGRESSIVE;
				CLANG_WARN_UNREACHABLE_CODE = YES;
				CLANG_WARN__DUPLICATE_METHOD_MATCH = YES;
				COPY_PHASE_STRIP = NO;
				DEBUG_INFORMATION_FORMAT = "dwarf-with-dsym";
				ENABLE_NS_ASSERTIONS = NO;
				ENABLE_STRICT_OBJC_MSGSEND = YES;
				ENABLE_USER_SCRIPT_SANDBOXING = YES;
				GCC_C_LANGUAGE_STANDARD = gnu17;
				GCC_NO_COMMON_BLOCKS = YES;
				GCC_WARN_64_TO_32_BIT_CONVERSION = YES;
				GCC_WARN_ABOUT_RETURN_TYPE = YES_ERROR;
				GCC_WARN_UNDECLARED_SELECTOR = YES;
				GCC_WARN_UNINITIALIZED_AUTOS = YES_AGGRESSIVE;
				GCC_WARN_UNUSED_FUNCTION = YES;
				GCC_WARN_UNUSED_VARIABLE = YES;
				IPHONEOS_DEPLOYMENT_TARGET = 18.2;
				LOCALIZATION_PREFERS_STRING_CATALOGS = YES;
				MTL_ENABLE_DEBUG_INFO = NO;
				MTL_FAST_MATH = YES;
				SDKROOT = iphoneos;
				SWIFT_COMPILATION_MODE = wholemodule;
				VALIDATE_PRODUCT = YES;
			};
			name = Release;
		};
		BD4361E62DF60C20004192FF /* Debug */ = {
			isa = XCBuildConfiguration;
			buildSettings = {
				ASSETCATALOG_COMPILER_APPICON_NAME = AppIcon;
				ASSETCATALOG_COMPILER_GLOBAL_ACCENT_COLOR_NAME = AccentColor;
				CODE_SIGN_STYLE = Automatic;
				CURRENT_PROJECT_VERSION = 1;
				DEVELOPMENT_ASSET_PATHS = "\"ToggleThemes/Preview Content\"";
				ENABLE_PREVIEWS = YES;
				GENERATE_INFOPLIST_FILE = YES;
				INFOPLIST_KEY_UIApplicationSceneManifest_Generation = YES;
				INFOPLIST_KEY_UIApplicationSupportsIndirectInputEvents = YES;
				INFOPLIST_KEY_UILaunchScreen_Generation = YES;
				INFOPLIST_KEY_UISupportedInterfaceOrientations_iPad = "UIInterfaceOrientationPortrait UIInterfaceOrientationPortraitUpsideDown UIInterfaceOrientationLandscapeLeft UIInterfaceOrientationLandscapeRight";
				INFOPLIST_KEY_UISupportedInterfaceOrientations_iPhone = "UIInterfaceOrientationPortrait UIInterfaceOrientationLandscapeLeft UIInterfaceOrientationLandscapeRight";
				LD_RUNPATH_SEARCH_PATHS = (
					"$(inherited)",
					"@executable_path/Frameworks",
				);
				MARKETING_VERSION = 1.0;
				PRODUCT_BUNDLE_IDENTIFIER = com.abhiraj.swiftuibasics.ToggleThemes;
				PRODUCT_NAME = "$(TARGET_NAME)";
				SWIFT_EMIT_LOC_STRINGS = YES;
				SWIFT_VERSION = 5.0;
				TARGETED_DEVICE_FAMILY = "1,2";
			};
			name = Debug;
		};
		BD4361E72DF60C20004192FF /* Release */ = {
			isa = XCBuildConfiguration;
			buildSettings = {
				ASSETCATALOG_COMPILER_APPICON_NAME = AppIcon;
				ASSETCATALOG_COMPILER_GLOBAL_ACCENT_COLOR_NAME = AccentColor;
				CODE_SIGN_STYLE = Automatic;
				CURRENT_PROJECT_VERSION = 1;
				DEVELOPMENT_ASSET_PATHS = "\"ToggleThemes/Preview Content\"";
				ENABLE_PREVIEWS = YES;
				GENERATE_INFOPLIST_FILE = YES;
				INFOPLIST_KEY_UIApplicationSceneManifest_Generation = YES;
				INFOPLIST_KEY_UIApplicationSupportsIndirectInputEvents = YES;
				INFOPLIST_KEY_UILaunchScreen_Generation = YES;
				INFOPLIST_KEY_UISupportedInterfaceOrientations_iPad = "UIInterfaceOrientationPortrait UIInterfaceOrientationPortraitUpsideDown UIInterfaceOrientationLandscapeLeft UIInterfaceOrientationLandscapeRight";
				INFOPLIST_KEY_UISupportedInterfaceOrientations_iPhone = "UIInterfaceOrientationPortrait UIInterfaceOrientationLandscapeLeft UIInterfaceOrientationLandscapeRight";
				LD_RUNPATH_SEARCH_PATHS = (
					"$(inherited)",
					"@executable_path/Frameworks",
				);
				MARKETING_VERSION = 1.0;
				PRODUCT_BUNDLE_IDENTIFIER = com.abhiraj.swiftuibasics.ToggleThemes;
				PRODUCT_NAME = "$(TARGET_NAME)";
				SWIFT_EMIT_LOC_STRINGS = YES;
				SWIFT_VERSION = 5.0;
				TARGETED_DEVICE_FAMILY = "1,2";
			};
			name = Release;
		};
		BD4361E92DF60C20004192FF /* Debug */ = {
			isa = XCBuildConfiguration;
			buildSettings = {
				BUNDLE_LOADER = "$(TEST_HOST)";
				CODE_SIGN_STYLE = Automatic;
				CURRENT_PROJECT_VERSION = 1;
				GENERATE_INFOPLIST_FILE = YES;
				IPHONEOS_DEPLOYMENT_TARGET = 18.2;
				MARKETING_VERSION = 1.0;
				PRODUCT_BUNDLE_IDENTIFIER = com.abhiraj.swiftuibasics.ToggleThemesTests;
				PRODUCT_NAME = "$(TARGET_NAME)";
				SWIFT_EMIT_LOC_STRINGS = NO;
				SWIFT_VERSION = 5.0;
				TARGETED_DEVICE_FAMILY = "1,2";
				TEST_HOST = "$(BUILT_PRODUCTS_DIR)/ToggleThemes.app/$(BUNDLE_EXECUTABLE_FOLDER_PATH)/ToggleThemes";
			};
			name = Debug;
		};
		BD4361EA2DF60C20004192FF /* Release */ = {
			isa = XCBuildConfiguration;
			buildSettings = {
				BUNDLE_LOADER = "$(TEST_HOST)";
				CODE_SIGN_STYLE = Automatic;
				CURRENT_PROJECT_VERSION = 1;
				GENERATE_INFOPLIST_FILE = YES;
				IPHONEOS_DEPLOYMENT_TARGET = 18.2;
				MARKETING_VERSION = 1.0;
				PRODUCT_BUNDLE_IDENTIFIER = com.abhiraj.swiftuibasics.ToggleThemesTests;
				PRODUCT_NAME = "$(TARGET_NAME)";
				SWIFT_EMIT_LOC_STRINGS = NO;
				SWIFT_VERSION = 5.0;
				TARGETED_DEVICE_FAMILY = "1,2";
				TEST_HOST = "$(BUILT_PRODUCTS_DIR)/ToggleThemes.app/$(BUNDLE_EXECUTABLE_FOLDER_PATH)/ToggleThemes";
			};
			name = Release;
		};
		BD4361EC2DF60C20004192FF /* Debug */ = {
			isa = XCBuildConfiguration;
			buildSettings = {
				CODE_SIGN_STYLE = Automatic;
				CURRENT_PROJECT_VERSION = 1;
				GENERATE_INFOPLIST_FILE = YES;
				MARKETING_VERSION = 1.0;
				PRODUCT_BUNDLE_IDENTIFIER = com.abhiraj.swiftuibasics.ToggleThemesUITests;
				PRODUCT_NAME = "$(TARGET_NAME)";
				SWIFT_EMIT_LOC_STRINGS = NO;
				SWIFT_VERSION = 5.0;
				TARGETED_DEVICE_FAMILY = "1,2";
				TEST_TARGET_NAME = ToggleThemes;
			};
			name = Debug;
		};
		BD4361ED2DF60C20004192FF /* Release */ = {
			isa = XCBuildConfiguration;
			buildSettings = {
				CODE_SIGN_STYLE = Automatic;
				CURRENT_PROJECT_VERSION = 1;
				GENERATE_INFOPLIST_FILE = YES;
				MARKETING_VERSION = 1.0;
				PRODUCT_BUNDLE_IDENTIFIER = com.abhiraj.swiftuibasics.ToggleThemesUITests;
				PRODUCT_NAME = "$(TARGET_NAME)";
				SWIFT_EMIT_LOC_STRINGS = NO;
				SWIFT_VERSION = 5.0;
				TARGETED_DEVICE_FAMILY = "1,2";
				TEST_TARGET_NAME = ToggleThemes;
			};
			name = Release;
		};
/* End XCBuildConfiguration section */

/* Begin XCConfigurationList section */
		BD4361BC2DF60C1F004192FF /* Build configuration list for PBXProject "ToggleThemes" */ = {
			isa = XCConfigurationList;
			buildConfigurations = (
				BD4361E32DF60C20004192FF /* Debug */,
				BD4361E42DF60C20004192FF /* Release */,
			);
			defaultConfigurationIsVisible = 0;
			defaultConfigurationName = Release;
		};
		BD4361E52DF60C20004192FF /* Build configuration list for PBXNativeTarget "ToggleThemes" */ = {
			isa = XCConfigurationList;
			buildConfigurations = (
				BD4361E62DF60C20004192FF /* Debug */,
				BD4361E72DF60C20004192FF /* Release */,
			);
			defaultConfigurationIsVisible = 0;
			defaultConfigurationName = Release;
		};
		BD4361E82DF60C20004192FF /* Build configuration list for PBXNativeTarget "ToggleThemesTests" */ = {
			isa = XCConfigurationList;
			buildConfigurations = (
				BD4361E92DF60C20004192FF /* Debug */,
				BD4361EA2DF60C20004192FF /* Release */,
			);
			defaultConfigurationIsVisible = 0;
			defaultConfigurationName = Release;
		};
		BD4361EB2DF60C20004192FF /* Build configuration list for PBXNativeTarget "ToggleThemesUITests" */ = {
			isa = XCConfigurationList;
			buildConfigurations = (
				BD4361EC2DF60C20004192FF /* Debug */,
				BD4361ED2DF60C20004192FF /* Release */,
			);
			defaultConfigurationIsVisible = 0;
			defaultConfigurationName = Release;
		};
/* End XCConfigurationList section */
	};
	rootObject = BD4361B92DF60C1F004192FF /* Project object */;
}
